
Microsoft Visual Studio Solution File, Format Version 12.00
# Visual Studio Version 17
VisualStudioVersion = 17.11.35208.52
MinimumVisualStudioVersion = 10.0.40219.1
Project("{9A19103F-16F7-4668-BE54-9A1E7A4F7556}") = "crud_cervantes", "crud_cervantes\crud_cervantes.csproj", "{BFC57251-ABCD-44D3-BED4-E819B393DC9A}"
EndProject
Global
	GlobalSection(SolutionConfigurationPlatforms) = preSolution
		Debug|Any CPU = Debug|Any CPU
		Release|Any CPU = Release|Any CPU
	EndGlobalSection
	GlobalSection(ProjectConfigurationPlatforms) = postSolution
		{BFC57251-ABCD-44D3-BED4-E819B393DC9A}.Debug|Any CPU.ActiveCfg = Debug|Any CPU
		{BFC57251-ABCD-44D3-BED4-E819B393DC9A}.Debug|Any CPU.Build.0 = Debug|Any CPU
		{BFC57251-ABCD-44D3-BED4-E819B393DC9A}.Release|Any CPU.ActiveCfg = Debug|Any CPU
		{BFC57251-ABCD-44D3-BED4-E819B393DC9A}.Release|Any CPU.Build.0 = Debug|Any CPU
	EndGlobalSection
	GlobalSection(SolutionProperties) = preSolution
		HideSolutionNode = FALSE
	EndGlobalSection
	GlobalSection(ExtensibilityGlobals) = postSolution
		SolutionGuid = {D863E855-9CFF-4CDC-BA99-9ABBCEFFF483}
	EndGlobalSection
EndGlobal
